
Microsoft Visual Studio Solution File, Format Version 12.00
# Visual Studio Version 16
VisualStudioVersion = 16.0.30717.126
MinimumVisualStudioVersion = 10.0.40219.1
Project("{FAE04EC0-301F-11D3-BF4B-00C04F79EFBC}") = "TestOnLinux", "TestOnLinux\TestOnLinux.csproj", "{BE8565ED-3A0E-4DC5-A4F0-CEF6EE1A5BE5}"
EndProject
Global
	GlobalSection(SolutionConfigurationPlatforms) = preSolution
		Debug|Any CPU = Debug|Any CPU
		Release|Any CPU = Release|Any CPU
	EndGlobalSection
	GlobalSection(ProjectConfigurationPlatforms) = postSolution
		{BE8565ED-3A0E-4DC5-A4F0-CEF6EE1A5BE5}.Debug|Any CPU.ActiveCfg = Debug|Any CPU
		{BE8565ED-3A0E-4DC5-A4F0-CEF6EE1A5BE5}.Debug|Any CPU.Build.0 = Debug|Any CPU
		{BE8565ED-3A0E-4DC5-A4F0-CEF6EE1A5BE5}.Release|Any CPU.ActiveCfg = Release|Any CPU
		{BE8565ED-3A0E-4DC5-A4F0-CEF6EE1A5BE5}.Release|Any CPU.Build.0 = Release|Any CPU
	EndGlobalSection
	GlobalSection(SolutionProperties) = preSolution
		HideSolutionNode = FALSE
	EndGlobalSection
	GlobalSection(ExtensibilityGlobals) = postSolution
		SolutionGuid = {E1A95E64-4CF6-4F47-B385-17B1D9CFBA87}
	EndGlobalSection
EndGlobal
